// !$*UTF8*$!
{
	archiveVersion = 1;
	classes = {
	};
	objectVersion = 46;
	objects = {

/* Begin PBXBuildFile section */
		27EDFD4618EAD01400C0B365 /* Foundation.framework in Frameworks */ = {isa = PBXBuildFile; fileRef = 27EDFD4518EAD01400C0B365 /* Foundation.framework */; };
		27EDFD4818EAD01400C0B365 /* CoreGraphics.framework in Frameworks */ = {isa = PBXBuildFile; fileRef = 27EDFD4718EAD01400C0B365 /* CoreGraphics.framework */; };
		27EDFD4A18EAD01400C0B365 /* UIKit.framework in Frameworks */ = {isa = PBXBuildFile; fileRef = 27EDFD4918EAD01400C0B365 /* UIKit.framework */; };
		27EDFD5018EAD01400C0B365 /* InfoPlist.strings in Resources */ = {isa = PBXBuildFile; fileRef = 27EDFD4E18EAD01400C0B365 /* InfoPlist.strings */; };
		27EDFD5218EAD01400C0B365 /* main.m in Sources */ = {isa = PBXBuildFile; fileRef = 27EDFD5118EAD01400C0B365 /* main.m */; };
		27EDFD5618EAD01400C0B365 /* CMSAppDelegate.m in Sources */ = {isa = PBXBuildFile; fileRef = 27EDFD5518EAD01400C0B365 /* CMSAppDelegate.m */; };
		27EDFD5918EAD01400C0B365 /* Main.storyboard in Resources */ = {isa = PBXBuildFile; fileRef = 27EDFD5718EAD01400C0B365 /* Main.storyboard */; };
		27EDFD5C18EAD01400C0B365 /* CMSViewController.m in Sources */ = {isa = PBXBuildFile; fileRef = 27EDFD5B18EAD01400C0B365 /* CMSViewController.m */; };
		27EDFD5E18EAD01400C0B365 /* Images.xcassets in Resources */ = {isa = PBXBuildFile; fileRef = 27EDFD5D18EAD01400C0B365 /* Images.xcassets */; };
		27EDFD6518EAD01500C0B365 /* XCTest.framework in Frameworks */ = {isa = PBXBuildFile; fileRef = 27EDFD6418EAD01500C0B365 /* XCTest.framework */; };
		27EDFD6618EAD01500C0B365 /* Foundation.framework in Frameworks */ = {isa = PBXBuildFile; fileRef = 27EDFD4518EAD01400C0B365 /* Foundation.framework */; };
		27EDFD6718EAD01500C0B365 /* UIKit.framework in Frameworks */ = {isa = PBXBuildFile; fileRef = 27EDFD4918EAD01400C0B365 /* UIKit.framework */; };
		27EDFD6F18EAD01500C0B365 /* InfoPlist.strings in Resources */ = {isa = PBXBuildFile; fileRef = 27EDFD6D18EAD01500C0B365 /* InfoPlist.strings */; };
		27EDFD7118EAD01500C0B365 /* KeyFramesTests.m in Sources */ = {isa = PBXBuildFile; fileRef = 27EDFD7018EAD01500C0B365 /* KeyFramesTests.m */; };
/* End PBXBuildFile section */

/* Begin PBXContainerItemProxy section */
		27EDFD6818EAD01500C0B365 /* PBXContainerItemProxy */ = {
			isa = PBXContainerItemProxy;
			containerPortal = 27EDFD3A18EAD01400C0B365 /* Project object */;
			proxyType = 1;
			remoteGlobalIDString = 27EDFD4118EAD01400C0B365;
			remoteInfo = KeyFrames;
		};
/* End PBXContainerItemProxy section */

/* Begin PBXFileReference section */
		27EDFD4218EAD01400C0B365 /* KeyFrames.app */ = {isa = PBXFileReference; explicitFileType = wrapper.application; includeInIndex = 0; path = KeyFrames.app; sourceTree = BUILT_PRODUCTS_DIR; };
		27EDFD4518EAD01400C0B365 /* Foundation.framework */ = {isa = PBXFileReference; lastKnownFileType = wrapper.framework; name = Foundation.framework; path = System/Library/Frameworks/Foundation.framework; sourceTree = SDKROOT; };
		27EDFD4718EAD01400C0B365 /* CoreGraphics.framework */ = {isa = PBXFileReference; lastKnownFileType = wrapper.framework; name = CoreGraphics.framework; path = System/Library/Frameworks/CoreGraphics.framework; sourceTree = SDKROOT; };
		27EDFD4918EAD01400C0B365 /* UIKit.framework */ = {isa = PBXFileReference; lastKnownFileType = wrapper.framework; name = UIKit.framework; path = System/Library/Frameworks/UIKit.framework; sourceTree = SDKROOT; };
		27EDFD4D18EAD01400C0B365 /* KeyFrames-Info.plist */ = {isa = PBXFileReference; lastKnownFileType = text.plist.xml; path = "KeyFrames-Info.plist"; sourceTree = "<group>"; };
		27EDFD4F18EAD01400C0B365 /* en */ = {isa = PBXFileReference; lastKnownFileType = text.plist.strings; name = en; path = en.lproj/InfoPlist.strings; sourceTree = "<group>"; };
		27EDFD5118EAD01400C0B365 /* main.m */ = {isa = PBXFileReference; lastKnownFileType = sourcecode.c.objc; path = main.m; sourceTree = "<group>"; };
		27EDFD5318EAD01400C0B365 /* KeyFrames-Prefix.pch */ = {isa = PBXFileReference; lastKnownFileType = sourcecode.c.h; path = "KeyFrames-Prefix.pch"; sourceTree = "<group>"; };
		27EDFD5418EAD01400C0B365 /* CMSAppDelegate.h */ = {isa = PBXFileReference; lastKnownFileType = sourcecode.c.h; path = CMSAppDelegate.h; sourceTree = "<group>"; };
		27EDFD5518EAD01400C0B365 /* CMSAppDelegate.m */ = {isa = PBXFileReference; lastKnownFileType = sourcecode.c.objc; path = CMSAppDelegate.m; sourceTree = "<group>"; };
		27EDFD5818EAD01400C0B365 /* Base */ = {isa = PBXFileReference; lastKnownFileType = file.storyboard; name = Base; path = Base.lproj/Main.storyboard; sourceTree = "<group>"; };
		27EDFD5A18EAD01400C0B365 /* CMSViewController.h */ = {isa = PBXFileReference; lastKnownFileType = sourcecode.c.h; path = CMSViewController.h; sourceTree = "<group>"; };
		27EDFD5B18EAD01400C0B365 /* CMSViewController.m */ = {isa = PBXFileReference; lastKnownFileType = sourcecode.c.objc; path = CMSViewController.m; sourceTree = "<group>"; };
		27EDFD5D18EAD01400C0B365 /* Images.xcassets */ = {isa = PBXFileReference; lastKnownFileType = folder.assetcatalog; path = Images.xcassets; sourceTree = "<group>"; };
		27EDFD6318EAD01500C0B365 /* KeyFramesTests.xctest */ = {isa = PBXFileReference; explicitFileType = wrapper.cfbundle; includeInIndex = 0; path = KeyFramesTests.xctest; sourceTree = BUILT_PRODUCTS_DIR; };
		27EDFD6418EAD01500C0B365 /* XCTest.framework */ = {isa = PBXFileReference; lastKnownFileType = wrapper.framework; name = XCTest.framework; path = Library/Frameworks/XCTest.framework; sourceTree = DEVELOPER_DIR; };
		27EDFD6C18EAD01500C0B365 /* KeyFramesTests-Info.plist */ = {isa = PBXFileReference; lastKnownFileType = text.plist.xml; path = "KeyFramesTests-Info.plist"; sourceTree = "<group>"; };
		27EDFD6E18EAD01500C0B365 /* en */ = {isa = PBXFileReference; lastKnownFileType = text.plist.strings; name = en; path = en.lproj/InfoPlist.strings; sourceTree = "<group>"; };
		27EDFD7018EAD01500C0B365 /* KeyFramesTests.m */ = {isa = PBXFileReference; lastKnownFileType = sourcecode.c.objc; path = KeyFramesTests.m; sourceTree = "<group>"; };
/* End PBXFileReference section */

/* Begin PBXFrameworksBuildPhase section */
		27EDFD3F18EAD01400C0B365 /* Frameworks */ = {
			isa = PBXFrameworksBuildPhase;
			buildActionMask = 2147483647;
			files = (
				27EDFD4818EAD01400C0B365 /* CoreGraphics.framework in Frameworks */,
				27EDFD4A18EAD01400C0B365 /* UIKit.framework in Frameworks */,
				27EDFD4618EAD01400C0B365 /* Foundation.framework in Frameworks */,
			);
			runOnlyForDeploymentPostprocessing = 0;
		};
		27EDFD6018EAD01500C0B365 /* Frameworks */ = {
			isa = PBXFrameworksBuildPhase;
			buildActionMask = 2147483647;
			files = (
				27EDFD6518EAD01500C0B365 /* XCTest.framework in Frameworks */,
				27EDFD6718EAD01500C0B365 /* UIKit.framework in Frameworks */,
				27EDFD6618EAD01500C0B365 /* Foundation.framework in Frameworks */,
			);
			runOnlyForDeploymentPostprocessing = 0;
		};
/* End PBXFrameworksBuildPhase section */

/* Begin PBXGroup section */
		27EDFD3918EAD01400C0B365 = {
			isa = PBXGroup;
			children = (
				27EDFD4B18EAD01400C0B365 /* KeyFrames */,
				27EDFD6A18EAD01500C0B365 /* KeyFramesTests */,
				27EDFD4418EAD01400C0B365 /* Frameworks */,
				27EDFD4318EAD01400C0B365 /* Products */,
			);
			sourceTree = "<group>";
		};
		27EDFD4318EAD01400C0B365 /* Products */ = {
			isa = PBXGroup;
			children = (
				27EDFD4218EAD01400C0B365 /* KeyFrames.app */,
				27EDFD6318EAD01500C0B365 /* KeyFramesTests.xctest */,
			);
			name = Products;
			sourceTree = "<group>";
		};
		27EDFD4418EAD01400C0B365 /* Frameworks */ = {
			isa = PBXGroup;
			children = (
				27EDFD4518EAD01400C0B365 /* Foundation.framework */,
				27EDFD4718EAD01400C0B365 /* CoreGraphics.framework */,
				27EDFD4918EAD01400C0B365 /* UIKit.framework */,
				27EDFD6418EAD01500C0B365 /* XCTest.framework */,
			);
			name = Frameworks;
			sourceTree = "<group>";
		};
		27EDFD4B18EAD01400C0B365 /* KeyFrames */ = {
			isa = PBXGroup;
			children = (
				27EDFD5418EAD01400C0B365 /* CMSAppDelegate.h */,
				27EDFD5518EAD01400C0B365 /* CMSAppDelegate.m */,
				27EDFD5718EAD01400C0B365 /* Main.storyboard */,
				27EDFD5A18EAD01400C0B365 /* CMSViewController.h */,
				27EDFD5B18EAD01400C0B365 /* CMSViewController.m */,
				27EDFD5D18EAD01400C0B365 /* Images.xcassets */,
				27EDFD4C18EAD01400C0B365 /* Supporting Files */,
			);
			path = KeyFrames;
			sourceTree = "<group>";
		};
		27EDFD4C18EAD01400C0B365 /* Supporting Files */ = {
			isa = PBXGroup;
			children = (
				27EDFD4D18EAD01400C0B365 /* KeyFrames-Info.plist */,
				27EDFD4E18EAD01400C0B365 /* InfoPlist.strings */,
				27EDFD5118EAD01400C0B365 /* main.m */,
				27EDFD5318EAD01400C0B365 /* KeyFrames-Prefix.pch */,
			);
			name = "Supporting Files";
			sourceTree = "<group>";
		};
		27EDFD6A18EAD01500C0B365 /* KeyFramesTests */ = {
			isa = PBXGroup;
			children = (
				27EDFD7018EAD01500C0B365 /* KeyFramesTests.m */,
				27EDFD6B18EAD01500C0B365 /* Supporting Files */,
			);
			path = KeyFramesTests;
			sourceTree = "<group>";
		};
		27EDFD6B18EAD01500C0B365 /* Supporting Files */ = {
			isa = PBXGroup;
			children = (
				27EDFD6C18EAD01500C0B365 /* KeyFramesTests-Info.plist */,
				27EDFD6D18EAD01500C0B365 /* InfoPlist.strings */,
			);
			name = "Supporting Files";
			sourceTree = "<group>";
		};
/* End PBXGroup section */

/* Begin PBXNativeTarget section */
		27EDFD4118EAD01400C0B365 /* KeyFrames */ = {
			isa = PBXNativeTarget;
			buildConfigurationList = 27EDFD7418EAD01500C0B365 /* Build configuration list for PBXNativeTarget "KeyFrames" */;
			buildPhases = (
				27EDFD3E18EAD01400C0B365 /* Sources */,
				27EDFD3F18EAD01400C0B365 /* Frameworks */,
				27EDFD4018EAD01400C0B365 /* Resources */,
			);
			buildRules = (
			);
			dependencies = (
			);
			name = KeyFrames;
			productName = KeyFrames;
			productReference = 27EDFD4218EAD01400C0B365 /* KeyFrames.app */;
			productType = "com.apple.product-type.application";
		};
		27EDFD6218EAD01500C0B365 /* KeyFramesTests */ = {
			isa = PBXNativeTarget;
			buildConfigurationList = 27EDFD7718EAD01500C0B365 /* Build configuration list for PBXNativeTarget "KeyFramesTests" */;
			buildPhases = (
				27EDFD5F18EAD01500C0B365 /* Sources */,
				27EDFD6018EAD01500C0B365 /* Frameworks */,
				27EDFD6118EAD01500C0B365 /* Resources */,
			);
			buildRules = (
			);
			dependencies = (
				27EDFD6918EAD01500C0B365 /* PBXTargetDependency */,
			);
			name = KeyFramesTests;
			productName = KeyFramesTests;
			productReference = 27EDFD6318EAD01500C0B365 /* KeyFramesTests.xctest */;
			productType = "com.apple.product-type.bundle.unit-test";
		};
/* End PBXNativeTarget section */

/* Begin PBXProject section */
		27EDFD3A18EAD01400C0B365 /* Project object */ = {
			isa = PBXProject;
			attributes = {
				CLASSPREFIX = CMS;
				LastUpgradeCheck = 0510;
				ORGANIZATIONNAME = Mubaloo;
				TargetAttributes = {
					27EDFD6218EAD01500C0B365 = {
						TestTargetID = 27EDFD4118EAD01400C0B365;
					};
				};
			};
			buildConfigurationList = 27EDFD3D18EAD01400C0B365 /* Build configuration list for PBXProject "KeyFrames" */;
			compatibilityVersion = "Xcode 3.2";
			developmentRegion = English;
			hasScannedForEncodings = 0;
			knownRegions = (
				en,
				Base,
			);
			mainGroup = 27EDFD3918EAD01400C0B365;
			productRefGroup = 27EDFD4318EAD01400C0B365 /* Products */;
			projectDirPath = "";
			projectRoot = "";
			targets = (
				27EDFD4118EAD01400C0B365 /* KeyFrames */,
				27EDFD6218EAD01500C0B365 /* KeyFramesTests */,
			);
		};
/* End PBXProject section */

/* Begin PBXResourcesBuildPhase section */
		27EDFD4018EAD01400C0B365 /* Resources */ = {
			isa = PBXResourcesBuildPhase;
			buildActionMask = 2147483647;
			files = (
				27EDFD5E18EAD01400C0B365 /* Images.xcassets in Resources */,
				27EDFD5018EAD01400C0B365 /* InfoPlist.strings in Resources */,
				27EDFD5918EAD01400C0B365 /* Main.storyboard in Resources */,
			);
			runOnlyForDeploymentPostprocessing = 0;
		};
		27EDFD6118EAD01500C0B365 /* Resources */ = {
			isa = PBXResourcesBuildPhase;
			buildActionMask = 2147483647;
			files = (
				27EDFD6F18EAD01500C0B365 /* InfoPlist.strings in Resources */,
			);
			runOnlyForDeploymentPostprocessing = 0;
		};
/* End PBXResourcesBuildPhase section */

/* Begin PBXSourcesBuildPhase section */
		27EDFD3E18EAD01400C0B365 /* Sources */ = {
			isa = PBXSourcesBuildPhase;
			buildActionMask = 2147483647;
			files = (
				27EDFD5618EAD01400C0B365 /* CMSAppDelegate.m in Sources */,
				27EDFD5C18EAD01400C0B365 /* CMSViewController.m in Sources */,
				27EDFD5218EAD01400C0B365 /* main.m in Sources */,
			);
			runOnlyForDeploymentPostprocessing = 0;
		};
		27EDFD5F18EAD01500C0B365 /* Sources */ = {
			isa = PBXSourcesBuildPhase;
			buildActionMask = 2147483647;
			files = (
				27EDFD7118EAD01500C0B365 /* KeyFramesTests.m in Sources */,
			);
			runOnlyForDeploymentPostprocessing = 0;
		};
/* End PBXSourcesBuildPhase section */

/* Begin PBXTargetDependency section */
		27EDFD6918EAD01500C0B365 /* PBXTargetDependency */ = {
			isa = PBXTargetDependency;
			target = 27EDFD4118EAD01400C0B365 /* KeyFrames */;
			targetProxy = 27EDFD6818EAD01500C0B365 /* PBXContainerItemProxy */;
		};
/* End PBXTargetDependency section */

/* Begin PBXVariantGroup section */
		27EDFD4E18EAD01400C0B365 /* InfoPlist.strings */ = {
			isa = PBXVariantGroup;
			children = (
				27EDFD4F18EAD01400C0B365 /* en */,
			);
			name = InfoPlist.strings;
			sourceTree = "<group>";
		};
		27EDFD5718EAD01400C0B365 /* Main.storyboard */ = {
			isa = PBXVariantGroup;
			children = (
				27EDFD5818EAD01400C0B365 /* Base */,
			);
			name = Main.storyboard;
			sourceTree = "<group>";
		};
		27EDFD6D18EAD01500C0B365 /* InfoPlist.strings */ = {
			isa = PBXVariantGroup;
			children = (
				27EDFD6E18EAD01500C0B365 /* en */,
			);
			name = InfoPlist.strings;
			sourceTree = "<group>";
		};
/* End PBXVariantGroup section */

/* Begin XCBuildConfiguration section */
		27EDFD7218EAD01500C0B365 /* Debug */ = {
			isa = XCBuildConfiguration;
			buildSettings = {
				ALWAYS_SEARCH_USER_PATHS = NO;
				CLANG_CXX_LANGUAGE_STANDARD = "gnu++0x";
				CLANG_CXX_LIBRARY = "libc++";
				CLANG_ENABLE_MODULES = YES;
				CLANG_ENABLE_OBJC_ARC = YES;
				CLANG_WARN_BOOL_CONVERSION = YES;
				CLANG_WARN_CONSTANT_CONVERSION = YES;
				CLANG_WARN_DIRECT_OBJC_ISA_USAGE = YES_ERROR;
				CLANG_WARN_EMPTY_BODY = YES;
				CLANG_WARN_ENUM_CONVERSION = YES;
				CLANG_WARN_INT_CONVERSION = YES;
				CLANG_WARN_OBJC_ROOT_CLASS = YES_ERROR;
				CLANG_WARN__DUPLICATE_METHOD_MATCH = YES;
				"CODE_SIGN_IDENTITY[sdk=iphoneos*]" = "iPhone Developer";
				COPY_PHASE_STRIP = NO;
				GCC_C_LANGUAGE_STANDARD = gnu99;
				GCC_DYNAMIC_NO_PIC = NO;
				GCC_OPTIMIZATION_LEVEL = 0;
				GCC_PREPROCESSOR_DEFINITIONS = (
					"DEBUG=1",
					"$(inherited)",
				);
				GCC_SYMBOLS_PRIVATE_EXTERN = NO;
				GCC_WARN_64_TO_32_BIT_CONVERSION = YES;
				GCC_WARN_ABOUT_RETURN_TYPE = YES_ERROR;
				GCC_WARN_UNDECLARED_SELECTOR = YES;
				GCC_WARN_UNINITIALIZED_AUTOS = YES_AGGRESSIVE;
				GCC_WARN_UNUSED_FUNCTION = YES;
				GCC_WARN_UNUSED_VARIABLE = YES;
				IPHONEOS_DEPLOYMENT_TARGET = 7.1;
				ONLY_ACTIVE_ARCH = YES;
				SDKROOT = iphoneos;
			};
			name = Debug;
		};
		27EDFD7318EAD01500C0B365 /* Release */ = {
			isa = XCBuildConfiguration;
			buildSettings = {
				ALWAYS_SEARCH_USER_PATHS = NO;
				CLANG_CXX_LANGUAGE_STANDARD = "gnu++0x";
				CLANG_CXX_LIBRARY = "libc++";
				CLANG_ENABLE_MODULES = YES;
				CLANG_ENABLE_OBJC_ARC = YES;
				CLANG_WARN_BOOL_CONVERSION = YES;
				CLANG_WARN_CONSTANT_CONVERSION = YES;
				CLANG_WARN_DIRECT_OBJC_ISA_USAGE = YES_ERROR;
				CLANG_WARN_EMPTY_BODY = YES;
				CLANG_WARN_ENUM_CONVERSION = YES;
				CLANG_WARN_INT_CONVERSION = YES;
				CLANG_WARN_OBJC_ROOT_CLASS = YES_ERROR;
				CLANG_WARN__DUPLICATE_METHOD_MATCH = YES;
				"CODE_SIGN_IDENTITY[sdk=iphoneos*]" = "iPhone Developer";
				COPY_PHASE_STRIP = YES;
				ENABLE_NS_ASSERTIONS = NO;
				GCC_C_LANGUAGE_STANDARD = gnu99;
				GCC_WARN_64_TO_32_BIT_CONVERSION = YES;
				GCC_WARN_ABOUT_RETURN_TYPE = YES_ERROR;
				GCC_WARN_UNDECLARED_SELECTOR = YES;
				GCC_WARN_UNINITIALIZED_AUTOS = YES_AGGRESSIVE;
				GCC_WARN_UNUSED_FUNCTION = YES;
				GCC_WARN_UNUSED_VARIABLE = YES;
				IPHONEOS_DEPLOYMENT_TARGET = 7.1;
				SDKROOT = iphoneos;
				VALIDATE_PRODUCT = YES;
			};
			name = Release;
		};
		27EDFD7518EAD01500C0B365 /* Debug */ = {
			isa = XCBuildConfiguration;
			buildSettings = {
				ASSETCATALOG_COMPILER_APPICON_NAME = AppIcon;
				ASSETCATALOG_COMPILER_LAUNCHIMAGE_NAME = LaunchImage;
				GCC_PRECOMPILE_PREFIX_HEADER = YES;
				GCC_PREFIX_HEADER = "KeyFrames/KeyFrames-Prefix.pch";
				INFOPLIST_FILE = "KeyFrames/KeyFrames-Info.plist";
				PRODUCT_NAME = "$(TARGET_NAME)";
				WRAPPER_EXTENSION = app;
			};
			name = Debug;
		};
		27EDFD7618EAD01500C0B365 /* Release */ = {
			isa = XCBuildConfiguration;
			buildSettings = {
				ASSETCATALOG_COMPILER_APPICON_NAME = AppIcon;
				ASSETCATALOG_COMPILER_LAUNCHIMAGE_NAME = LaunchImage;
				GCC_PRECOMPILE_PREFIX_HEADER = YES;
				GCC_PREFIX_HEADER = "KeyFrames/KeyFrames-Prefix.pch";
				INFOPLIST_FILE = "KeyFrames/KeyFrames-Info.plist";
				PRODUCT_NAME = "$(TARGET_NAME)";
				WRAPPER_EXTENSION = app;
			};
			name = Release;
		};
		27EDFD7818EAD01500C0B365 /* Debug */ = {
			isa = XCBuildConfiguration;
			buildSettings = {
				BUNDLE_LOADER = "$(BUILT_PRODUCTS_DIR)/KeyFrames.app/KeyFrames";
				FRAMEWORK_SEARCH_PATHS = (
					"$(SDKROOT)/Developer/Library/Frameworks",
					"$(inherited)",
					"$(DEVELOPER_FRAMEWORKS_DIR)",
				);
				GCC_PRECOMPILE_PREFIX_HEADER = YES;
				GCC_PREFIX_HEADER = "KeyFrames/KeyFrames-Prefix.pch";
				GCC_PREPROCESSOR_DEFINITIONS = (
					"DEBUG=1",
					"$(inherited)",
				);
				INFOPLIST_FILE = "KeyFramesTests/KeyFramesTests-Info.plist";
				PRODUCT_NAME = "$(TARGET_NAME)";
				TEST_HOST = "$(BUNDLE_LOADER)";
				WRAPPER_EXTENSION = xctest;
			};
			name = Debug;
		};
		27EDFD7918EAD01500C0B365 /* Release */ = {
			isa = XCBuildConfiguration;
			buildSettings = {
				BUNDLE_LOADER = "$(BUILT_PRODUCTS_DIR)/KeyFrames.app/KeyFrames";
				FRAMEWORK_SEARCH_PATHS = (
					"$(SDKROOT)/Developer/Library/Frameworks",
					"$(inherited)",
					"$(DEVELOPER_FRAMEWORKS_DIR)",
				);
				GCC_PRECOMPILE_PREFIX_HEADER = YES;
				GCC_PREFIX_HEADER = "KeyFrames/KeyFrames-Prefix.pch";
				INFOPLIST_FILE = "KeyFramesTests/KeyFramesTests-Info.plist";
				PRODUCT_NAME = "$(TARGET_NAME)";
				TEST_HOST = "$(BUNDLE_LOADER)";
				WRAPPER_EXTENSION = xctest;
			};
			name = Release;
		};
/* End XCBuildConfiguration section */

/* Begin XCConfigurationList section */
		27EDFD3D18EAD01400C0B365 /* Build configuration list for PBXProject "KeyFrames" */ = {
			isa = XCConfigurationList;
			buildConfigurations = (
				27EDFD7218EAD01500C0B365 /* Debug */,
				27EDFD7318EAD01500C0B365 /* Release */,
			);
			defaultConfigurationIsVisible = 0;
			defaultConfigurationName = Release;
		};
		27EDFD7418EAD01500C0B365 /* Build configuration list for PBXNativeTarget "KeyFrames" */ = {
			isa = XCConfigurationList;
			buildConfigurations = (
				27EDFD7518EAD01500C0B365 /* Debug */,
				27EDFD7618EAD01500C0B365 /* Release */,
			);
			defaultConfigurationIsVisible = 0;
		};
		27EDFD7718EAD01500C0B365 /* Build configuration list for PBXNativeTarget "KeyFramesTests" */ = {
			isa = XCConfigurationList;
			buildConfigurations = (
				27EDFD7818EAD01500C0B365 /* Debug */,
				27EDFD7918EAD01500C0B365 /* Release */,
			);
			defaultConfigurationIsVisible = 0;
		};
/* End XCConfigurationList section */
	};
	rootObject = 27EDFD3A18EAD01400C0B365 /* Project object */;
}
